
Microsoft Visual Studio Solution File, Format Version 12.00
# Visual Studio 15
VisualStudioVersion = 15.0.27130.2036
MinimumVisualStudioVersion = 10.0.40219.1
Project("{FAE04EC0-301F-11D3-BF4B-00C04F79EFBC}") = "OnlineShopping", "OnlineShopping\OnlineShopping.csproj", "{A3D103A0-C52D-4E54-93A1-95C77675603B}"
EndProject
Global
	GlobalSection(SolutionConfigurationPlatforms) = preSolution
		Debug|Any CPU = Debug|Any CPU
		Release|Any CPU = Release|Any CPU
	EndGlobalSection
	GlobalSection(ProjectConfigurationPlatforms) = postSolution
		{A3D103A0-C52D-4E54-93A1-95C77675603B}.Debug|Any CPU.ActiveCfg = Debug|Any CPU
		{A3D103A0-C52D-4E54-93A1-95C77675603B}.Debug|Any CPU.Build.0 = Debug|Any CPU
		{A3D103A0-C52D-4E54-93A1-95C77675603B}.Release|Any CPU.ActiveCfg = Release|Any CPU
		{A3D103A0-C52D-4E54-93A1-95C77675603B}.Release|Any CPU.Build.0 = Release|Any CPU
	EndGlobalSection
	GlobalSection(SolutionProperties) = preSolution
		HideSolutionNode = FALSE
	EndGlobalSection
	GlobalSection(ExtensibilityGlobals) = postSolution
		SolutionGuid = {E29755FE-44AF-41D3-80CC-BEC24996057E}
	EndGlobalSection
EndGlobal
